
Microsoft Visual Studio Solution File, Format Version 12.00
# Visual Studio 15
VisualStudioVersion = 15.0.33919.361
MinimumVisualStudioVersion = 10.0.40219.1
Project("{FAE04EC0-301F-11D3-BF4B-00C04F79EFBC}") = "HRead", "HRead\HRead.csproj", "{55F1C1B8-BA93-47E0-83DB-350936C41F50}"
EndProject
Global
	GlobalSection(SolutionConfigurationPlatforms) = preSolution
		Debug|Any CPU = Debug|Any CPU
		Release|Any CPU = Release|Any CPU
	EndGlobalSection
	GlobalSection(ProjectConfigurationPlatforms) = postSolution
		{55F1C1B8-BA93-47E0-83DB-350936C41F50}.Debug|Any CPU.ActiveCfg = Debug|Any CPU
		{55F1C1B8-BA93-47E0-83DB-350936C41F50}.Debug|Any CPU.Build.0 = Debug|Any CPU
		{55F1C1B8-BA93-47E0-83DB-350936C41F50}.Release|Any CPU.ActiveCfg = Release|Any CPU
		{55F1C1B8-BA93-47E0-83DB-350936C41F50}.Release|Any CPU.Build.0 = Release|Any CPU
	EndGlobalSection
	GlobalSection(SolutionProperties) = preSolution
		HideSolutionNode = FALSE
	EndGlobalSection
	GlobalSection(ExtensibilityGlobals) = postSolution
		SolutionGuid = {1943926D-C812-43E7-A574-108954306214}
	EndGlobalSection
EndGlobal
